
Microsoft Visual Studio Solution File, Format Version 12.00
# Visual Studio Version 16
VisualStudioVersion = 16.0.32802.440
MinimumVisualStudioVersion = 10.0.40219.1
Project("{FAE04EC0-301F-11D3-BF4B-00C04F79EFBC}") = "CSClass3205_2", "CSClass3205_2\CSClass3205_2.csproj", "{2C991367-2E56-42EB-8387-5D2335660250}"
EndProject
Global
	GlobalSection(SolutionConfigurationPlatforms) = preSolution
		Debug|Any CPU = Debug|Any CPU
		Release|Any CPU = Release|Any CPU
	EndGlobalSection
	GlobalSection(ProjectConfigurationPlatforms) = postSolution
		{2C991367-2E56-42EB-8387-5D2335660250}.Debug|Any CPU.ActiveCfg = Debug|Any CPU
		{2C991367-2E56-42EB-8387-5D2335660250}.Debug|Any CPU.Build.0 = Debug|Any CPU
		{2C991367-2E56-42EB-8387-5D2335660250}.Release|Any CPU.ActiveCfg = Release|Any CPU
		{2C991367-2E56-42EB-8387-5D2335660250}.Release|Any CPU.Build.0 = Release|Any CPU
	EndGlobalSection
	GlobalSection(SolutionProperties) = preSolution
		HideSolutionNode = FALSE
	EndGlobalSection
	GlobalSection(ExtensibilityGlobals) = postSolution
		SolutionGuid = {F872407C-C333-4237-A7CA-3B9488A356AC}
	EndGlobalSection
EndGlobal
